
Microsoft Visual Studio Solution File, Format Version 12.00
# Visual Studio 2013
VisualStudioVersion = 12.0.30110.0
MinimumVisualStudioVersion = 10.0.40219.1
Project("{FAE04EC0-301F-11D3-BF4B-00C04F79EFBC}") = "Codility", "Codility\Codility.csproj", "{E418CE40-8E7F-4F57-9F97-DE3B9AAED41C}"
EndProject
Project("{FAE04EC0-301F-11D3-BF4B-00C04F79EFBC}") = "TapeEqulibrium", "TapeEqulibrium\TapeEqulibrium.csproj", "{EEB5A085-C9A7-4684-9FD8-47CFC5B9A635}"
EndProject
Project("{2150E333-8FDC-42A3-9474-1A3956D46DE8}") = "Lesson 01", "Lesson 01", "{1C0527C2-237E-4C64-9CBF-21C142E1EF66}"
EndProject
Project("{FAE04EC0-301F-11D3-BF4B-00C04F79EFBC}") = "FrogJump", "FrogJump\FrogJump.csproj", "{57555C8A-8582-40D9-B6B3-54ECDB29ECA6}"
EndProject
Project("{FAE04EC0-301F-11D3-BF4B-00C04F79EFBC}") = "PermMissingElem", "PermMissingElem\PermMissingElem.csproj", "{416EA302-E938-45D6-8641-697AEDBB259A}"
EndProject
Project("{2150E333-8FDC-42A3-9474-1A3956D46DE8}") = "Lesson 02", "Lesson 02", "{063C0F83-8A39-4B8A-9232-B222B7E712F9}"
EndProject
Project("{FAE04EC0-301F-11D3-BF4B-00C04F79EFBC}") = "PermCheck", "PermCheck\PermCheck.csproj", "{11440376-E859-46A7-8420-EE4FCBE1363F}"
EndProject
Project("{FAE04EC0-301F-11D3-BF4B-00C04F79EFBC}") = "FrogRiverOne", "FrogRiverOne\FrogRiverOne.csproj", "{A8470E73-FEF0-402F-A58D-31B945CF99A1}"
EndProject
Global
	GlobalSection(SolutionConfigurationPlatforms) = preSolution
		Debug|Any CPU = Debug|Any CPU
		Release|Any CPU = Release|Any CPU
	EndGlobalSection
	GlobalSection(ProjectConfigurationPlatforms) = postSolution
		{E418CE40-8E7F-4F57-9F97-DE3B9AAED41C}.Debug|Any CPU.ActiveCfg = Debug|Any CPU
		{E418CE40-8E7F-4F57-9F97-DE3B9AAED41C}.Debug|Any CPU.Build.0 = Debug|Any CPU
		{E418CE40-8E7F-4F57-9F97-DE3B9AAED41C}.Release|Any CPU.ActiveCfg = Release|Any CPU
		{E418CE40-8E7F-4F57-9F97-DE3B9AAED41C}.Release|Any CPU.Build.0 = Release|Any CPU
		{EEB5A085-C9A7-4684-9FD8-47CFC5B9A635}.Debug|Any CPU.ActiveCfg = Debug|Any CPU
		{EEB5A085-C9A7-4684-9FD8-47CFC5B9A635}.Debug|Any CPU.Build.0 = Debug|Any CPU
		{EEB5A085-C9A7-4684-9FD8-47CFC5B9A635}.Release|Any CPU.ActiveCfg = Release|Any CPU
		{EEB5A085-C9A7-4684-9FD8-47CFC5B9A635}.Release|Any CPU.Build.0 = Release|Any CPU
		{57555C8A-8582-40D9-B6B3-54ECDB29ECA6}.Debug|Any CPU.ActiveCfg = Debug|Any CPU
		{57555C8A-8582-40D9-B6B3-54ECDB29ECA6}.Debug|Any CPU.Build.0 = Debug|Any CPU
		{57555C8A-8582-40D9-B6B3-54ECDB29ECA6}.Release|Any CPU.ActiveCfg = Release|Any CPU
		{57555C8A-8582-40D9-B6B3-54ECDB29ECA6}.Release|Any CPU.Build.0 = Release|Any CPU
		{416EA302-E938-45D6-8641-697AEDBB259A}.Debug|Any CPU.ActiveCfg = Debug|Any CPU
		{416EA302-E938-45D6-8641-697AEDBB259A}.Debug|Any CPU.Build.0 = Debug|Any CPU
		{416EA302-E938-45D6-8641-697AEDBB259A}.Release|Any CPU.ActiveCfg = Release|Any CPU
		{416EA302-E938-45D6-8641-697AEDBB259A}.Release|Any CPU.Build.0 = Release|Any CPU
		{11440376-E859-46A7-8420-EE4FCBE1363F}.Debug|Any CPU.ActiveCfg = Debug|Any CPU
		{11440376-E859-46A7-8420-EE4FCBE1363F}.Debug|Any CPU.Build.0 = Debug|Any CPU
		{11440376-E859-46A7-8420-EE4FCBE1363F}.Release|Any CPU.ActiveCfg = Release|Any CPU
		{11440376-E859-46A7-8420-EE4FCBE1363F}.Release|Any CPU.Build.0 = Release|Any CPU
		{A8470E73-FEF0-402F-A58D-31B945CF99A1}.Debug|Any CPU.ActiveCfg = Debug|Any CPU
		{A8470E73-FEF0-402F-A58D-31B945CF99A1}.Debug|Any CPU.Build.0 = Debug|Any CPU
		{A8470E73-FEF0-402F-A58D-31B945CF99A1}.Release|Any CPU.ActiveCfg = Release|Any CPU
		{A8470E73-FEF0-402F-A58D-31B945CF99A1}.Release|Any CPU.Build.0 = Release|Any CPU
	EndGlobalSection
	GlobalSection(SolutionProperties) = preSolution
		HideSolutionNode = FALSE
	EndGlobalSection
	GlobalSection(NestedProjects) = preSolution
		{EEB5A085-C9A7-4684-9FD8-47CFC5B9A635} = {1C0527C2-237E-4C64-9CBF-21C142E1EF66}
		{57555C8A-8582-40D9-B6B3-54ECDB29ECA6} = {1C0527C2-237E-4C64-9CBF-21C142E1EF66}
		{416EA302-E938-45D6-8641-697AEDBB259A} = {1C0527C2-237E-4C64-9CBF-21C142E1EF66}
		{11440376-E859-46A7-8420-EE4FCBE1363F} = {063C0F83-8A39-4B8A-9232-B222B7E712F9}
		{A8470E73-FEF0-402F-A58D-31B945CF99A1} = {063C0F83-8A39-4B8A-9232-B222B7E712F9}
	EndGlobalSection
EndGlobal
